
Microsoft Visual Studio Solution File, Format Version 12.00
# Visual Studio Version 16
VisualStudioVersion = 16.0.31424.327
MinimumVisualStudioVersion = 10.0.40219.1
Project("{FAE04EC0-301F-11D3-BF4B-00C04F79EFBC}") = "TokenAuthCheck", "TokenAuthCheck\TokenAuthCheck.csproj", "{944691A4-0305-4F1D-B427-13ED81E506E2}"
EndProject
Global
	GlobalSection(SolutionConfigurationPlatforms) = preSolution
		Debug|Any CPU = Debug|Any CPU
		Release|Any CPU = Release|Any CPU
	EndGlobalSection
	GlobalSection(ProjectConfigurationPlatforms) = postSolution
		{944691A4-0305-4F1D-B427-13ED81E506E2}.Debug|Any CPU.ActiveCfg = Debug|Any CPU
		{944691A4-0305-4F1D-B427-13ED81E506E2}.Debug|Any CPU.Build.0 = Debug|Any CPU
		{944691A4-0305-4F1D-B427-13ED81E506E2}.Release|Any CPU.ActiveCfg = Release|Any CPU
		{944691A4-0305-4F1D-B427-13ED81E506E2}.Release|Any CPU.Build.0 = Release|Any CPU
	EndGlobalSection
	GlobalSection(SolutionProperties) = preSolution
		HideSolutionNode = FALSE
	EndGlobalSection
	GlobalSection(ExtensibilityGlobals) = postSolution
		SolutionGuid = {B136D1F6-462F-4425-8B8F-046C2727B035}
	EndGlobalSection
EndGlobal
